
Microsoft Visual Studio Solution File, Format Version 12.00
# Visual Studio 14
VisualStudioVersion = 14.0.25420.1
MinimumVisualStudioVersion = 10.0.40219.1
Project("{FAE04EC0-301F-11D3-BF4B-00C04F79EFBC}") = "Domain", "Domain\Domain.csproj", "{0F3D49C2-DA2F-4910-8943-EBA15114EBB2}"
EndProject
Project("{FAE04EC0-301F-11D3-BF4B-00C04F79EFBC}") = "Data", "Data\Data.csproj", "{6A65467A-9FD0-40C7-9036-E03FF6281C72}"
EndProject
Global
	GlobalSection(SolutionConfigurationPlatforms) = preSolution
		Debug|Any CPU = Debug|Any CPU
		Release|Any CPU = Release|Any CPU
	EndGlobalSection
	GlobalSection(ProjectConfigurationPlatforms) = postSolution
		{0F3D49C2-DA2F-4910-8943-EBA15114EBB2}.Debug|Any CPU.ActiveCfg = Debug|Any CPU
		{0F3D49C2-DA2F-4910-8943-EBA15114EBB2}.Debug|Any CPU.Build.0 = Debug|Any CPU
		{0F3D49C2-DA2F-4910-8943-EBA15114EBB2}.Release|Any CPU.ActiveCfg = Release|Any CPU
		{0F3D49C2-DA2F-4910-8943-EBA15114EBB2}.Release|Any CPU.Build.0 = Release|Any CPU
		{6A65467A-9FD0-40C7-9036-E03FF6281C72}.Debug|Any CPU.ActiveCfg = Debug|Any CPU
		{6A65467A-9FD0-40C7-9036-E03FF6281C72}.Debug|Any CPU.Build.0 = Debug|Any CPU
		{6A65467A-9FD0-40C7-9036-E03FF6281C72}.Release|Any CPU.ActiveCfg = Release|Any CPU
		{6A65467A-9FD0-40C7-9036-E03FF6281C72}.Release|Any CPU.Build.0 = Release|Any CPU
	EndGlobalSection
	GlobalSection(SolutionProperties) = preSolution
		HideSolutionNode = FALSE
	EndGlobalSection
EndGlobal
